
Microsoft Visual Studio Solution File, Format Version 12.00
# Visual Studio Version 16
VisualStudioVersion = 16.0.29418.71
MinimumVisualStudioVersion = 10.0.40219.1
Project("{8BC9CEB8-8B4A-11D0-8D11-00A0C91BC942}") = "VgUppgiften", "VgUppgiften\VgUppgiften.vcxproj", "{504E3674-CC54-4512-952C-19E6A6404E29}"
EndProject
Global
	GlobalSection(SolutionConfigurationPlatforms) = preSolution
		Debug|x64 = Debug|x64
		Debug|x86 = Debug|x86
		Release|x64 = Release|x64
		Release|x86 = Release|x86
	EndGlobalSection
	GlobalSection(ProjectConfigurationPlatforms) = postSolution
		{504E3674-CC54-4512-952C-19E6A6404E29}.Debug|x64.ActiveCfg = Debug|x64
		{504E3674-CC54-4512-952C-19E6A6404E29}.Debug|x64.Build.0 = Debug|x64
		{504E3674-CC54-4512-952C-19E6A6404E29}.Debug|x86.ActiveCfg = Debug|Win32
		{504E3674-CC54-4512-952C-19E6A6404E29}.Debug|x86.Build.0 = Debug|Win32
		{504E3674-CC54-4512-952C-19E6A6404E29}.Release|x64.ActiveCfg = Release|x64
		{504E3674-CC54-4512-952C-19E6A6404E29}.Release|x64.Build.0 = Release|x64
		{504E3674-CC54-4512-952C-19E6A6404E29}.Release|x86.ActiveCfg = Release|Win32
		{504E3674-CC54-4512-952C-19E6A6404E29}.Release|x86.Build.0 = Release|Win32
	EndGlobalSection
	GlobalSection(SolutionProperties) = preSolution
		HideSolutionNode = FALSE
	EndGlobalSection
	GlobalSection(ExtensibilityGlobals) = postSolution
		SolutionGuid = {B35EB97B-71FA-4E10-8179-154EA9AD3275}
	EndGlobalSection
EndGlobal
